
Microsoft Visual Studio Solution File, Format Version 12.00
# Visual Studio Version 17
VisualStudioVersion = 17.1.32328.378
MinimumVisualStudioVersion = 10.0.40219.1
Project("{FAE04EC0-301F-11D3-BF4B-00C04F79EFBC}") = "ProcessorCheckApp", "ProcessorCheckApp.csproj", "{146016C8-7B9D-453C-8070-3ECD641BD5E1}"
EndProject
Global
	GlobalSection(SolutionConfigurationPlatforms) = preSolution
		Debug|Any CPU = Debug|Any CPU
		Release|Any CPU = Release|Any CPU
	EndGlobalSection
	GlobalSection(ProjectConfigurationPlatforms) = postSolution
		{146016C8-7B9D-453C-8070-3ECD641BD5E1}.Debug|Any CPU.ActiveCfg = Debug|Any CPU
		{146016C8-7B9D-453C-8070-3ECD641BD5E1}.Debug|Any CPU.Build.0 = Debug|Any CPU
		{146016C8-7B9D-453C-8070-3ECD641BD5E1}.Release|Any CPU.ActiveCfg = Release|Any CPU
		{146016C8-7B9D-453C-8070-3ECD641BD5E1}.Release|Any CPU.Build.0 = Release|Any CPU
	EndGlobalSection
	GlobalSection(SolutionProperties) = preSolution
		HideSolutionNode = FALSE
	EndGlobalSection
	GlobalSection(ExtensibilityGlobals) = postSolution
		SolutionGuid = {97C48F48-C1F6-42C9-91ED-0E76F4CD14C7}
	EndGlobalSection
EndGlobal
